// !$*UTF8*$!
{
	archiveVersion = 1;
	classes = {
	};
	objectVersion = 48;
	objects = {

/* Begin PBXBuildFile section */
		91D9BD932054315400DF6563 /* AppDelegate.swift in Sources */ = {isa = PBXBuildFile; fileRef = 91D9BD922054315400DF6563 /* AppDelegate.swift */; };
		91D9BD952054315400DF6563 /* ViewController.swift in Sources */ = {isa = PBXBuildFile; fileRef = 91D9BD942054315400DF6563 /* ViewController.swift */; };
		91D9BD982054315400DF6563 /* Main.storyboard in Resources */ = {isa = PBXBuildFile; fileRef = 91D9BD962054315400DF6563 /* Main.storyboard */; };
		91D9BD9A2054315400DF6563 /* Assets.xcassets in Resources */ = {isa = PBXBuildFile; fileRef = 91D9BD992054315400DF6563 /* Assets.xcassets */; };
		91D9BD9D2054315400DF6563 /* LaunchScreen.storyboard in Resources */ = {isa = PBXBuildFile; fileRef = 91D9BD9B2054315400DF6563 /* LaunchScreen.storyboard */; };
		91D9BDA82054315400DF6563 /* RestaurantViewerTests.swift in Sources */ = {isa = PBXBuildFile; fileRef = 91D9BDA72054315400DF6563 /* RestaurantViewerTests.swift */; };
/* End PBXBuildFile section */

/* Begin PBXContainerItemProxy section */
		91D9BDA42054315400DF6563 /* PBXContainerItemProxy */ = {
			isa = PBXContainerItemProxy;
			containerPortal = 91D9BD872054315400DF6563 /* Project object */;
			proxyType = 1;
			remoteGlobalIDString = 91D9BD8E2054315400DF6563;
			remoteInfo = RestaurantViewer;
		};
/* End PBXContainerItemProxy section */

/* Begin PBXFileReference section */
		91D9BD8F2054315400DF6563 /* RestaurantViewer.app */ = {isa = PBXFileReference; explicitFileType = wrapper.application; includeInIndex = 0; path = RestaurantViewer.app; sourceTree = BUILT_PRODUCTS_DIR; };
		91D9BD922054315400DF6563 /* AppDelegate.swift */ = {isa = PBXFileReference; lastKnownFileType = sourcecode.swift; path = AppDelegate.swift; sourceTree = "<group>"; };
		91D9BD942054315400DF6563 /* ViewController.swift */ = {isa = PBXFileReference; lastKnownFileType = sourcecode.swift; path = ViewController.swift; sourceTree = "<group>"; };
		91D9BD972054315400DF6563 /* Base */ = {isa = PBXFileReference; lastKnownFileType = file.storyboard; name = Base; path = Base.lproj/Main.storyboard; sourceTree = "<group>"; };
		91D9BD992054315400DF6563 /* Assets.xcassets */ = {isa = PBXFileReference; lastKnownFileType = folder.assetcatalog; path = Assets.xcassets; sourceTree = "<group>"; };
		91D9BD9C2054315400DF6563 /* Base */ = {isa = PBXFileReference; lastKnownFileType = file.storyboard; name = Base; path = Base.lproj/LaunchScreen.storyboard; sourceTree = "<group>"; };
		91D9BD9E2054315400DF6563 /* Info.plist */ = {isa = PBXFileReference; lastKnownFileType = text.plist.xml; path = Info.plist; sourceTree = "<group>"; };
		91D9BDA32054315400DF6563 /* RestaurantViewerTests.xctest */ = {isa = PBXFileReference; explicitFileType = wrapper.cfbundle; includeInIndex = 0; path = RestaurantViewerTests.xctest; sourceTree = BUILT_PRODUCTS_DIR; };
		91D9BDA72054315400DF6563 /* RestaurantViewerTests.swift */ = {isa = PBXFileReference; lastKnownFileType = sourcecode.swift; path = RestaurantViewerTests.swift; sourceTree = "<group>"; };
		91D9BDA92054315400DF6563 /* Info.plist */ = {isa = PBXFileReference; lastKnownFileType = text.plist.xml; path = Info.plist; sourceTree = "<group>"; };
/* End PBXFileReference section */

/* Begin PBXFrameworksBuildPhase section */
		91D9BD8C2054315400DF6563 /* Frameworks */ = {
			isa = PBXFrameworksBuildPhase;
			buildActionMask = 2147483647;
			files = (
			);
			runOnlyForDeploymentPostprocessing = 0;
		};
		91D9BDA02054315400DF6563 /* Frameworks */ = {
			isa = PBXFrameworksBuildPhase;
			buildActionMask = 2147483647;
			files = (
			);
			runOnlyForDeploymentPostprocessing = 0;
		};
/* End PBXFrameworksBuildPhase section */

/* Begin PBXGroup section */
		91D9BD862054315400DF6563 = {
			isa = PBXGroup;
			children = (
				91D9BD912054315400DF6563 /* RestaurantViewer */,
				91D9BDA62054315400DF6563 /* RestaurantViewerTests */,
				91D9BD902054315400DF6563 /* Products */,
			);
			sourceTree = "<group>";
		};
		91D9BD902054315400DF6563 /* Products */ = {
			isa = PBXGroup;
			children = (
				91D9BD8F2054315400DF6563 /* RestaurantViewer.app */,
				91D9BDA32054315400DF6563 /* RestaurantViewerTests.xctest */,
			);
			name = Products;
			sourceTree = "<group>";
		};
		91D9BD912054315400DF6563 /* RestaurantViewer */ = {
			isa = PBXGroup;
			children = (
				91D9BD922054315400DF6563 /* AppDelegate.swift */,
				91D9BD942054315400DF6563 /* ViewController.swift */,
				91D9BD962054315400DF6563 /* Main.storyboard */,
				91D9BD992054315400DF6563 /* Assets.xcassets */,
				91D9BD9B2054315400DF6563 /* LaunchScreen.storyboard */,
				91D9BD9E2054315400DF6563 /* Info.plist */,
			);
			path = RestaurantViewer;
			sourceTree = "<group>";
		};
		91D9BDA62054315400DF6563 /* RestaurantViewerTests */ = {
			isa = PBXGroup;
			children = (
				91D9BDA72054315400DF6563 /* RestaurantViewerTests.swift */,
				91D9BDA92054315400DF6563 /* Info.plist */,
			);
			path = RestaurantViewerTests;
			sourceTree = "<group>";
		};
/* End PBXGroup section */

/* Begin PBXNativeTarget section */
		91D9BD8E2054315400DF6563 /* RestaurantViewer */ = {
			isa = PBXNativeTarget;
			buildConfigurationList = 91D9BDAC2054315400DF6563 /* Build configuration list for PBXNativeTarget "RestaurantViewer" */;
			buildPhases = (
				91D9BD8B2054315400DF6563 /* Sources */,
				91D9BD8C2054315400DF6563 /* Frameworks */,
				91D9BD8D2054315400DF6563 /* Resources */,
			);
			buildRules = (
			);
			dependencies = (
			);
			name = RestaurantViewer;
			productName = RestaurantViewer;
			productReference = 91D9BD8F2054315400DF6563 /* RestaurantViewer.app */;
			productType = "com.apple.product-type.application";
		};
		91D9BDA22054315400DF6563 /* RestaurantViewerTests */ = {
			isa = PBXNativeTarget;
			buildConfigurationList = 91D9BDAF2054315400DF6563 /* Build configuration list for PBXNativeTarget "RestaurantViewerTests" */;
			buildPhases = (
				91D9BD9F2054315400DF6563 /* Sources */,
				91D9BDA02054315400DF6563 /* Frameworks */,
				91D9BDA12054315400DF6563 /* Resources */,
			);
			buildRules = (
			);
			dependencies = (
				91D9BDA52054315400DF6563 /* PBXTargetDependency */,
			);
			name = RestaurantViewerTests;
			productName = RestaurantViewerTests;
			productReference = 91D9BDA32054315400DF6563 /* RestaurantViewerTests.xctest */;
			productType = "com.apple.product-type.bundle.unit-test";
		};
/* End PBXNativeTarget section */

/* Begin PBXProject section */
		91D9BD872054315400DF6563 /* Project object */ = {
			isa = PBXProject;
			attributes = {
				LastSwiftUpdateCheck = 0920;
				LastUpgradeCheck = 0920;
				ORGANIZATIONNAME = "Magnus Holm";
				TargetAttributes = {
					91D9BD8E2054315400DF6563 = {
						CreatedOnToolsVersion = 9.2;
						ProvisioningStyle = Automatic;
					};
					91D9BDA22054315400DF6563 = {
						CreatedOnToolsVersion = 9.2;
						ProvisioningStyle = Automatic;
						TestTargetID = 91D9BD8E2054315400DF6563;
					};
				};
			};
			buildConfigurationList = 91D9BD8A2054315400DF6563 /* Build configuration list for PBXProject "RestaurantViewer" */;
			compatibilityVersion = "Xcode 8.0";
			developmentRegion = en;
			hasScannedForEncodings = 0;
			knownRegions = (
				en,
				Base,
			);
			mainGroup = 91D9BD862054315400DF6563;
			productRefGroup = 91D9BD902054315400DF6563 /* Products */;
			projectDirPath = "";
			projectRoot = "";
			targets = (
				91D9BD8E2054315400DF6563 /* RestaurantViewer */,
				91D9BDA22054315400DF6563 /* RestaurantViewerTests */,
			);
		};
/* End PBXProject section */

/* Begin PBXResourcesBuildPhase section */
		91D9BD8D2054315400DF6563 /* Resources */ = {
			isa = PBXResourcesBuildPhase;
			buildActionMask = 2147483647;
			files = (
				91D9BD9D2054315400DF6563 /* LaunchScreen.storyboard in Resources */,
				91D9BD9A2054315400DF6563 /* Assets.xcassets in Resources */,
				91D9BD982054315400DF6563 /* Main.storyboard in Resources */,
			);
			runOnlyForDeploymentPostprocessing = 0;
		};
		91D9BDA12054315400DF6563 /* Resources */ = {
			isa = PBXResourcesBuildPhase;
			buildActionMask = 2147483647;
			files = (
			);
			runOnlyForDeploymentPostprocessing = 0;
		};
/* End PBXResourcesBuildPhase section */

/* Begin PBXSourcesBuildPhase section */
		91D9BD8B2054315400DF6563 /* Sources */ = {
			isa = PBXSourcesBuildPhase;
			buildActionMask = 2147483647;
			files = (
				91D9BD952054315400DF6563 /* ViewController.swift in Sources */,
				91D9BD932054315400DF6563 /* AppDelegate.swift in Sources */,
			);
			runOnlyForDeploymentPostprocessing = 0;
		};
		91D9BD9F2054315400DF6563 /* Sources */ = {
			isa = PBXSourcesBuildPhase;
			buildActionMask = 2147483647;
			files = (
				91D9BDA82054315400DF6563 /* RestaurantViewerTests.swift in Sources */,
			);
			runOnlyForDeploymentPostprocessing = 0;
		};
/* End PBXSourcesBuildPhase section */

/* Begin PBXTargetDependency section */
		91D9BDA52054315400DF6563 /* PBXTargetDependency */ = {
			isa = PBXTargetDependency;
			target = 91D9BD8E2054315400DF6563 /* RestaurantViewer */;
			targetProxy = 91D9BDA42054315400DF6563 /* PBXContainerItemProxy */;
		};
/* End PBXTargetDependency section */

/* Begin PBXVariantGroup section */
		91D9BD962054315400DF6563 /* Main.storyboard */ = {
			isa = PBXVariantGroup;
			children = (
				91D9BD972054315400DF6563 /* Base */,
			);
			name = Main.storyboard;
			sourceTree = "<group>";
		};
		91D9BD9B2054315400DF6563 /* LaunchScreen.storyboard */ = {
			isa = PBXVariantGroup;
			children = (
				91D9BD9C2054315400DF6563 /* Base */,
			);
			name = LaunchScreen.storyboard;
			sourceTree = "<group>";
		};
/* End PBXVariantGroup section */

/* Begin XCBuildConfiguration section */
		91D9BDAA2054315400DF6563 /* Debug */ = {
			isa = XCBuildConfiguration;
			buildSettings = {
				ALWAYS_SEARCH_USER_PATHS = NO;
				CLANG_ANALYZER_NONNULL = YES;
				CLANG_ANALYZER_NUMBER_OBJECT_CONVERSION = YES_AGGRESSIVE;
				CLANG_CXX_LANGUAGE_STANDARD = "gnu++14";
				CLANG_CXX_LIBRARY = "libc++";
				CLANG_ENABLE_MODULES = YES;
				CLANG_ENABLE_OBJC_ARC = YES;
				CLANG_WARN_BLOCK_CAPTURE_AUTORELEASING = YES;
				CLANG_WARN_BOOL_CONVERSION = YES;
				CLANG_WARN_COMMA = YES;
				CLANG_WARN_CONSTANT_CONVERSION = YES;
				CLANG_WARN_DIRECT_OBJC_ISA_USAGE = YES_ERROR;
				CLANG_WARN_DOCUMENTATION_COMMENTS = YES;
				CLANG_WARN_EMPTY_BODY = YES;
				CLANG_WARN_ENUM_CONVERSION = YES;
				CLANG_WARN_INFINITE_RECURSION = YES;
				CLANG_WARN_INT_CONVERSION = YES;
				CLANG_WARN_NON_LITERAL_NULL_CONVERSION = YES;
				CLANG_WARN_OBJC_LITERAL_CONVERSION = YES;
				CLANG_WARN_OBJC_ROOT_CLASS = YES_ERROR;
				CLANG_WARN_RANGE_LOOP_ANALYSIS = YES;
				CLANG_WARN_STRICT_PROTOTYPES = YES;
				CLANG_WARN_SUSPICIOUS_MOVE = YES;
				CLANG_WARN_UNGUARDED_AVAILABILITY = YES_AGGRESSIVE;
				CLANG_WARN_UNREACHABLE_CODE = YES;
				CLANG_WARN__DUPLICATE_METHOD_MATCH = YES;
				CODE_SIGN_IDENTITY = "iPhone Developer";
				COPY_PHASE_STRIP = NO;
				DEBUG_INFORMATION_FORMAT = dwarf;
				ENABLE_STRICT_OBJC_MSGSEND = YES;
				ENABLE_TESTABILITY = YES;
				GCC_C_LANGUAGE_STANDARD = gnu11;
				GCC_DYNAMIC_NO_PIC = NO;
				GCC_NO_COMMON_BLOCKS = YES;
				GCC_OPTIMIZATION_LEVEL = 0;
				GCC_PREPROCESSOR_DEFINITIONS = (
					"DEBUG=1",
					"$(inherited)",
				);
				GCC_WARN_64_TO_32_BIT_CONVERSION = YES;
				GCC_WARN_ABOUT_RETURN_TYPE = YES_ERROR;
				GCC_WARN_UNDECLARED_SELECTOR = YES;
				GCC_WARN_UNINITIALIZED_AUTOS = YES_AGGRESSIVE;
				GCC_WARN_UNUSED_FUNCTION = YES;
				GCC_WARN_UNUSED_VARIABLE = YES;
				IPHONEOS_DEPLOYMENT_TARGET = 11.2;
				MTL_ENABLE_DEBUG_INFO = YES;
				ONLY_ACTIVE_ARCH = YES;
				SDKROOT = iphoneos;
				SWIFT_ACTIVE_COMPILATION_CONDITIONS = DEBUG;
				SWIFT_OPTIMIZATION_LEVEL = "-Onone";
			};
			name = Debug;
		};
		91D9BDAB2054315400DF6563 /* Release */ = {
			isa = XCBuildConfiguration;
			buildSettings = {
				ALWAYS_SEARCH_USER_PATHS = NO;
				CLANG_ANALYZER_NONNULL = YES;
				CLANG_ANALYZER_NUMBER_OBJECT_CONVERSION = YES_AGGRESSIVE;
				CLANG_CXX_LANGUAGE_STANDARD = "gnu++14";
				CLANG_CXX_LIBRARY = "libc++";
				CLANG_ENABLE_MODULES = YES;
				CLANG_ENABLE_OBJC_ARC = YES;
				CLANG_WARN_BLOCK_CAPTURE_AUTORELEASING = YES;
				CLANG_WARN_BOOL_CONVERSION = YES;
				CLANG_WARN_COMMA = YES;
				CLANG_WARN_CONSTANT_CONVERSION = YES;
				CLANG_WARN_DIRECT_OBJC_ISA_USAGE = YES_ERROR;
				CLANG_WARN_DOCUMENTATION_COMMENTS = YES;
				CLANG_WARN_EMPTY_BODY = YES;
				CLANG_WARN_ENUM_CONVERSION = YES;
				CLANG_WARN_INFINITE_RECURSION = YES;
				CLANG_WARN_INT_CONVERSION = YES;
				CLANG_WARN_NON_LITERAL_NULL_CONVERSION = YES;
				CLANG_WARN_OBJC_LITERAL_CONVERSION = YES;
				CLANG_WARN_OBJC_ROOT_CLASS = YES_ERROR;
				CLANG_WARN_RANGE_LOOP_ANALYSIS = YES;
				CLANG_WARN_STRICT_PROTOTYPES = YES;
				CLANG_WARN_SUSPICIOUS_MOVE = YES;
				CLANG_WARN_UNGUARDED_AVAILABILITY = YES_AGGRESSIVE;
				CLANG_WARN_UNREACHABLE_CODE = YES;
				CLANG_WARN__DUPLICATE_METHOD_MATCH = YES;
				CODE_SIGN_IDENTITY = "iPhone Developer";
				COPY_PHASE_STRIP = NO;
				DEBUG_INFORMATION_FORMAT = "dwarf-with-dsym";
				ENABLE_NS_ASSERTIONS = NO;
				ENABLE_STRICT_OBJC_MSGSEND = YES;
				GCC_C_LANGUAGE_STANDARD = gnu11;
				GCC_NO_COMMON_BLOCKS = YES;
				GCC_WARN_64_TO_32_BIT_CONVERSION = YES;
				GCC_WARN_ABOUT_RETURN_TYPE = YES_ERROR;
				GCC_WARN_UNDECLARED_SELECTOR = YES;
				GCC_WARN_UNINITIALIZED_AUTOS = YES_AGGRESSIVE;
				GCC_WARN_UNUSED_FUNCTION = YES;
				GCC_WARN_UNUSED_VARIABLE = YES;
				IPHONEOS_DEPLOYMENT_TARGET = 11.2;
				MTL_ENABLE_DEBUG_INFO = NO;
				SDKROOT = iphoneos;
				SWIFT_OPTIMIZATION_LEVEL = "-Owholemodule";
				VALIDATE_PRODUCT = YES;
			};
			name = Release;
		};
		91D9BDAD2054315400DF6563 /* Debug */ = {
			isa = XCBuildConfiguration;
			buildSettings = {
				ASSETCATALOG_COMPILER_APPICON_NAME = AppIcon;
				CODE_SIGN_STYLE = Automatic;
				DEVELOPMENT_TEAM = DF28856VV6;
				INFOPLIST_FILE = RestaurantViewer/Info.plist;
				LD_RUNPATH_SEARCH_PATHS = "$(inherited) @executable_path/Frameworks";
				PRODUCT_BUNDLE_IDENTIFIER = com.magnusholm.RestaurantViewer;
				PRODUCT_NAME = "$(TARGET_NAME)";
				SWIFT_VERSION = 4.0;
				TARGETED_DEVICE_FAMILY = "1,2";
			};
			name = Debug;
		};
		91D9BDAE2054315400DF6563 /* Release */ = {
			isa = XCBuildConfiguration;
			buildSettings = {
				ASSETCATALOG_COMPILER_APPICON_NAME = AppIcon;
				CODE_SIGN_STYLE = Automatic;
				DEVELOPMENT_TEAM = DF28856VV6;
				INFOPLIST_FILE = RestaurantViewer/Info.plist;
				LD_RUNPATH_SEARCH_PATHS = "$(inherited) @executable_path/Frameworks";
				PRODUCT_BUNDLE_IDENTIFIER = com.magnusholm.RestaurantViewer;
				PRODUCT_NAME = "$(TARGET_NAME)";
				SWIFT_VERSION = 4.0;
				TARGETED_DEVICE_FAMILY = "1,2";
			};
			name = Release;
		};
		91D9BDB02054315400DF6563 /* Debug */ = {
			isa = XCBuildConfiguration;
			buildSettings = {
				ALWAYS_EMBED_SWIFT_STANDARD_LIBRARIES = YES;
				BUNDLE_LOADER = "$(TEST_HOST)";
				CODE_SIGN_STYLE = Automatic;
				DEVELOPMENT_TEAM = DF28856VV6;
				INFOPLIST_FILE = RestaurantViewerTests/Info.plist;
				LD_RUNPATH_SEARCH_PATHS = "$(inherited) @executable_path/Frameworks @loader_path/Frameworks";
				PRODUCT_BUNDLE_IDENTIFIER = com.magnusholm.RestaurantViewerTests;
				PRODUCT_NAME = "$(TARGET_NAME)";
				SWIFT_VERSION = 4.0;
				TARGETED_DEVICE_FAMILY = "1,2";
				TEST_HOST = "$(BUILT_PRODUCTS_DIR)/RestaurantViewer.app/RestaurantViewer";
			};
			name = Debug;
		};
		91D9BDB12054315400DF6563 /* Release */ = {
			isa = XCBuildConfiguration;
			buildSettings = {
				ALWAYS_EMBED_SWIFT_STANDARD_LIBRARIES = YES;
				BUNDLE_LOADER = "$(TEST_HOST)";
				CODE_SIGN_STYLE = Automatic;
				DEVELOPMENT_TEAM = DF28856VV6;
				INFOPLIST_FILE = RestaurantViewerTests/Info.plist;
				LD_RUNPATH_SEARCH_PATHS = "$(inherited) @executable_path/Frameworks @loader_path/Frameworks";
				PRODUCT_BUNDLE_IDENTIFIER = com.magnusholm.RestaurantViewerTests;
				PRODUCT_NAME = "$(TARGET_NAME)";
				SWIFT_VERSION = 4.0;
				TARGETED_DEVICE_FAMILY = "1,2";
				TEST_HOST = "$(BUILT_PRODUCTS_DIR)/RestaurantViewer.app/RestaurantViewer";
			};
			name = Release;
		};
/* End XCBuildConfiguration section */

/* Begin XCConfigurationList section */
		91D9BD8A2054315400DF6563 /* Build configuration list for PBXProject "RestaurantViewer" */ = {
			isa = XCConfigurationList;
			buildConfigurations = (
				91D9BDAA2054315400DF6563 /* Debug */,
				91D9BDAB2054315400DF6563 /* Release */,
			);
			defaultConfigurationIsVisible = 0;
			defaultConfigurationName = Release;
		};
		91D9BDAC2054315400DF6563 /* Build configuration list for PBXNativeTarget "RestaurantViewer" */ = {
			isa = XCConfigurationList;
			buildConfigurations = (
				91D9BDAD2054315400DF6563 /* Debug */,
				91D9BDAE2054315400DF6563 /* Release */,
			);
			defaultConfigurationIsVisible = 0;
			defaultConfigurationName = Release;
		};
		91D9BDAF2054315400DF6563 /* Build configuration list for PBXNativeTarget "RestaurantViewerTests" */ = {
			isa = XCConfigurationList;
			buildConfigurations = (
				91D9BDB02054315400DF6563 /* Debug */,
				91D9BDB12054315400DF6563 /* Release */,
			);
			defaultConfigurationIsVisible = 0;
			defaultConfigurationName = Release;
		};
/* End XCConfigurationList section */
	};
	rootObject = 91D9BD872054315400DF6563 /* Project object */;
}
